
Microsoft Visual Studio Solution File, Format Version 12.00
# Visual Studio 15
VisualStudioVersion = 15.0.27004.2006
MinimumVisualStudioVersion = 10.0.40219.1
Project("{FAE04EC0-301F-11D3-BF4B-00C04F79EFBC}") = "BibleCodeExtractor", "BibleCodeExtractor\BibleCodeExtractor.csproj", "{D74B2AFC-D253-4105-9DAD-B281FD784F1D}"
EndProject
Global
	GlobalSection(SolutionConfigurationPlatforms) = preSolution
		Debug|Any CPU = Debug|Any CPU
		Release|Any CPU = Release|Any CPU
	EndGlobalSection
	GlobalSection(ProjectConfigurationPlatforms) = postSolution
		{D74B2AFC-D253-4105-9DAD-B281FD784F1D}.Debug|Any CPU.ActiveCfg = Debug|Any CPU
		{D74B2AFC-D253-4105-9DAD-B281FD784F1D}.Debug|Any CPU.Build.0 = Debug|Any CPU
		{D74B2AFC-D253-4105-9DAD-B281FD784F1D}.Release|Any CPU.ActiveCfg = Release|Any CPU
		{D74B2AFC-D253-4105-9DAD-B281FD784F1D}.Release|Any CPU.Build.0 = Release|Any CPU
	EndGlobalSection
	GlobalSection(SolutionProperties) = preSolution
		HideSolutionNode = FALSE
	EndGlobalSection
	GlobalSection(ExtensibilityGlobals) = postSolution
		SolutionGuid = {527918A2-42A7-43EA-8F3D-214C2C00B379}
	EndGlobalSection
EndGlobal
