
Microsoft Visual Studio Solution File, Format Version 12.00
# Visual Studio 15
VisualStudioVersion = 15.0.27004.2006
MinimumVisualStudioVersion = 10.0.40219.1
Project("{FAE04EC0-301F-11D3-BF4B-00C04F79EFBC}") = "WakeUp", "WakeUp\WakeUp.csproj", "{5764CD4B-6586-47B7-BDC0-D2D7DA8E822B}"
EndProject
Global
	GlobalSection(SolutionConfigurationPlatforms) = preSolution
		Debug|Any CPU = Debug|Any CPU
		Release|Any CPU = Release|Any CPU
	EndGlobalSection
	GlobalSection(ProjectConfigurationPlatforms) = postSolution
		{5764CD4B-6586-47B7-BDC0-D2D7DA8E822B}.Debug|Any CPU.ActiveCfg = Debug|Any CPU
		{5764CD4B-6586-47B7-BDC0-D2D7DA8E822B}.Debug|Any CPU.Build.0 = Debug|Any CPU
		{5764CD4B-6586-47B7-BDC0-D2D7DA8E822B}.Release|Any CPU.ActiveCfg = Release|Any CPU
		{5764CD4B-6586-47B7-BDC0-D2D7DA8E822B}.Release|Any CPU.Build.0 = Release|Any CPU
	EndGlobalSection
	GlobalSection(SolutionProperties) = preSolution
		HideSolutionNode = FALSE
	EndGlobalSection
	GlobalSection(ExtensibilityGlobals) = postSolution
		SolutionGuid = {92025CE1-236B-41B1-BA75-36AEB3404166}
	EndGlobalSection
EndGlobal
